// !$*UTF8*$!
{
	archiveVersion = 1;
	classes = {
	};
	objectVersion = 46;
	objects = {

/* Begin PBXBuildFile section */
		DDD2DE5C1BF1C2F3008777C2 /* main.m in Sources */ = {isa = PBXBuildFile; fileRef = DDD2DE5B1BF1C2F3008777C2 /* main.m */; };
		DDD2DE5F1BF1C2F3008777C2 /* AppDelegate.m in Sources */ = {isa = PBXBuildFile; fileRef = DDD2DE5E1BF1C2F3008777C2 /* AppDelegate.m */; };
		DDD2DE621BF1C2F3008777C2 /* ViewController.m in Sources */ = {isa = PBXBuildFile; fileRef = DDD2DE611BF1C2F3008777C2 /* ViewController.m */; };
		DDD2DE651BF1C2F3008777C2 /* Main.storyboard in Resources */ = {isa = PBXBuildFile; fileRef = DDD2DE631BF1C2F3008777C2 /* Main.storyboard */; };
		DDD2DE671BF1C2F3008777C2 /* Assets.xcassets in Resources */ = {isa = PBXBuildFile; fileRef = DDD2DE661BF1C2F3008777C2 /* Assets.xcassets */; };
		DDD2DE6A1BF1C2F3008777C2 /* LaunchScreen.storyboard in Resources */ = {isa = PBXBuildFile; fileRef = DDD2DE681BF1C2F3008777C2 /* LaunchScreen.storyboard */; };
		DDD2DE751BF1C2F3008777C2 /* StoryBpardTests.m in Sources */ = {isa = PBXBuildFile; fileRef = DDD2DE741BF1C2F3008777C2 /* StoryBpardTests.m */; };
		DDD2DE801BF1C2F3008777C2 /* StoryBpardUITests.m in Sources */ = {isa = PBXBuildFile; fileRef = DDD2DE7F1BF1C2F3008777C2 /* StoryBpardUITests.m */; };
		DDD2DE901BF1C330008777C2 /* GSCusteomTextField.m in Sources */ = {isa = PBXBuildFile; fileRef = DDD2DE8F1BF1C330008777C2 /* GSCusteomTextField.m */; settings = {ASSET_TAGS = (); }; };
		DDD2DE941BF1C598008777C2 /* GSCustomButton.m in Sources */ = {isa = PBXBuildFile; fileRef = DDD2DE931BF1C598008777C2 /* GSCustomButton.m */; settings = {ASSET_TAGS = (); }; };
		DDD2DEA31BF1C96B008777C2 /* GSCountDownButton.m in Sources */ = {isa = PBXBuildFile; fileRef = DDD2DEA21BF1C96B008777C2 /* GSCountDownButton.m */; settings = {ASSET_TAGS = (); }; };
		DDD2DEA71BF1D23F008777C2 /* UIColor+UIColor_Hex.m in Sources */ = {isa = PBXBuildFile; fileRef = DDD2DEA61BF1D23F008777C2 /* UIColor+UIColor_Hex.m */; settings = {ASSET_TAGS = (); }; };
		DDD2DEAB1BF1D648008777C2 /* YDCustomBorderLabel.m in Sources */ = {isa = PBXBuildFile; fileRef = DDD2DEAA1BF1D648008777C2 /* YDCustomBorderLabel.m */; settings = {ASSET_TAGS = (); }; };
		DDD2DEB11BF1DB6E008777C2 /* GSNoSelectionTextField.m in Sources */ = {isa = PBXBuildFile; fileRef = DDD2DEAE1BF1DB6E008777C2 /* GSNoSelectionTextField.m */; settings = {ASSET_TAGS = (); }; };
		DDD2DEB21BF1DB6E008777C2 /* GSPasswordInputView.m in Sources */ = {isa = PBXBuildFile; fileRef = DDD2DEB01BF1DB6E008777C2 /* GSPasswordInputView.m */; settings = {ASSET_TAGS = (); }; };
/* End PBXBuildFile section */

/* Begin PBXContainerItemProxy section */
		DDD2DE711BF1C2F3008777C2 /* PBXContainerItemProxy */ = {
			isa = PBXContainerItemProxy;
			containerPortal = DDD2DE4F1BF1C2F3008777C2 /* Project object */;
			proxyType = 1;
			remoteGlobalIDString = DDD2DE561BF1C2F3008777C2;
			remoteInfo = StoryBpard;
		};
		DDD2DE7C1BF1C2F3008777C2 /* PBXContainerItemProxy */ = {
			isa = PBXContainerItemProxy;
			containerPortal = DDD2DE4F1BF1C2F3008777C2 /* Project object */;
			proxyType = 1;
			remoteGlobalIDString = DDD2DE561BF1C2F3008777C2;
			remoteInfo = StoryBpard;
		};
/* End PBXContainerItemProxy section */

/* Begin PBXFileReference section */
		DDD2DE571BF1C2F3008777C2 /* StoryBpard.app */ = {isa = PBXFileReference; explicitFileType = wrapper.application; includeInIndex = 0; path = StoryBpard.app; sourceTree = BUILT_PRODUCTS_DIR; };
		DDD2DE5B1BF1C2F3008777C2 /* main.m */ = {isa = PBXFileReference; lastKnownFileType = sourcecode.c.objc; path = main.m; sourceTree = "<group>"; };
		DDD2DE5D1BF1C2F3008777C2 /* AppDelegate.h */ = {isa = PBXFileReference; lastKnownFileType = sourcecode.c.h; path = AppDelegate.h; sourceTree = "<group>"; };
		DDD2DE5E1BF1C2F3008777C2 /* AppDelegate.m */ = {isa = PBXFileReference; lastKnownFileType = sourcecode.c.objc; path = AppDelegate.m; sourceTree = "<group>"; };
		DDD2DE601BF1C2F3008777C2 /* ViewController.h */ = {isa = PBXFileReference; lastKnownFileType = sourcecode.c.h; path = ViewController.h; sourceTree = "<group>"; };
		DDD2DE611BF1C2F3008777C2 /* ViewController.m */ = {isa = PBXFileReference; lastKnownFileType = sourcecode.c.objc; path = ViewController.m; sourceTree = "<group>"; };
		DDD2DE641BF1C2F3008777C2 /* Base */ = {isa = PBXFileReference; lastKnownFileType = file.storyboard; name = Base; path = Base.lproj/Main.storyboard; sourceTree = "<group>"; };
		DDD2DE661BF1C2F3008777C2 /* Assets.xcassets */ = {isa = PBXFileReference; lastKnownFileType = folder.assetcatalog; path = Assets.xcassets; sourceTree = "<group>"; };
		DDD2DE691BF1C2F3008777C2 /* Base */ = {isa = PBXFileReference; lastKnownFileType = file.storyboard; name = Base; path = Base.lproj/LaunchScreen.storyboard; sourceTree = "<group>"; };
		DDD2DE6B1BF1C2F3008777C2 /* Info.plist */ = {isa = PBXFileReference; lastKnownFileType = text.plist.xml; path = Info.plist; sourceTree = "<group>"; };
		DDD2DE701BF1C2F3008777C2 /* StoryBpardTests.xctest */ = {isa = PBXFileReference; explicitFileType = wrapper.cfbundle; includeInIndex = 0; path = StoryBpardTests.xctest; sourceTree = BUILT_PRODUCTS_DIR; };
		DDD2DE741BF1C2F3008777C2 /* StoryBpardTests.m */ = {isa = PBXFileReference; lastKnownFileType = sourcecode.c.objc; path = StoryBpardTests.m; sourceTree = "<group>"; };
		DDD2DE761BF1C2F3008777C2 /* Info.plist */ = {isa = PBXFileReference; lastKnownFileType = text.plist.xml; path = Info.plist; sourceTree = "<group>"; };
		DDD2DE7B1BF1C2F3008777C2 /* StoryBpardUITests.xctest */ = {isa = PBXFileReference; explicitFileType = wrapper.cfbundle; includeInIndex = 0; path = StoryBpardUITests.xctest; sourceTree = BUILT_PRODUCTS_DIR; };
		DDD2DE7F1BF1C2F3008777C2 /* StoryBpardUITests.m */ = {isa = PBXFileReference; lastKnownFileType = sourcecode.c.objc; path = StoryBpardUITests.m; sourceTree = "<group>"; };
		DDD2DE811BF1C2F3008777C2 /* Info.plist */ = {isa = PBXFileReference; lastKnownFileType = text.plist.xml; path = Info.plist; sourceTree = "<group>"; };
		DDD2DE8E1BF1C330008777C2 /* GSCusteomTextField.h */ = {isa = PBXFileReference; fileEncoding = 4; lastKnownFileType = sourcecode.c.h; path = GSCusteomTextField.h; sourceTree = "<group>"; };
		DDD2DE8F1BF1C330008777C2 /* GSCusteomTextField.m */ = {isa = PBXFileReference; fileEncoding = 4; lastKnownFileType = sourcecode.c.objc; path = GSCusteomTextField.m; sourceTree = "<group>"; };
		DDD2DE921BF1C598008777C2 /* GSCustomButton.h */ = {isa = PBXFileReference; fileEncoding = 4; lastKnownFileType = sourcecode.c.h; path = GSCustomButton.h; sourceTree = "<group>"; };
		DDD2DE931BF1C598008777C2 /* GSCustomButton.m */ = {isa = PBXFileReference; fileEncoding = 4; lastKnownFileType = sourcecode.c.objc; path = GSCustomButton.m; sourceTree = "<group>"; };
		DDD2DEA11BF1C96B008777C2 /* GSCountDownButton.h */ = {isa = PBXFileReference; fileEncoding = 4; lastKnownFileType = sourcecode.c.h; path = GSCountDownButton.h; sourceTree = "<group>"; };
		DDD2DEA21BF1C96B008777C2 /* GSCountDownButton.m */ = {isa = PBXFileReference; fileEncoding = 4; lastKnownFileType = sourcecode.c.objc; path = GSCountDownButton.m; sourceTree = "<group>"; };
		DDD2DEA51BF1D23F008777C2 /* UIColor+UIColor_Hex.h */ = {isa = PBXFileReference; fileEncoding = 4; lastKnownFileType = sourcecode.c.h; path = "UIColor+UIColor_Hex.h"; sourceTree = "<group>"; };
		DDD2DEA61BF1D23F008777C2 /* UIColor+UIColor_Hex.m */ = {isa = PBXFileReference; fileEncoding = 4; lastKnownFileType = sourcecode.c.objc; path = "UIColor+UIColor_Hex.m"; sourceTree = "<group>"; };
		DDD2DEA91BF1D648008777C2 /* YDCustomBorderLabel.h */ = {isa = PBXFileReference; fileEncoding = 4; lastKnownFileType = sourcecode.c.h; path = YDCustomBorderLabel.h; sourceTree = "<group>"; };
		DDD2DEAA1BF1D648008777C2 /* YDCustomBorderLabel.m */ = {isa = PBXFileReference; fileEncoding = 4; lastKnownFileType = sourcecode.c.objc; path = YDCustomBorderLabel.m; sourceTree = "<group>"; };
		DDD2DEAD1BF1DB6E008777C2 /* GSNoSelectionTextField.h */ = {isa = PBXFileReference; fileEncoding = 4; lastKnownFileType = sourcecode.c.h; path = GSNoSelectionTextField.h; sourceTree = "<group>"; };
		DDD2DEAE1BF1DB6E008777C2 /* GSNoSelectionTextField.m */ = {isa = PBXFileReference; fileEncoding = 4; lastKnownFileType = sourcecode.c.objc; path = GSNoSelectionTextField.m; sourceTree = "<group>"; };
		DDD2DEAF1BF1DB6E008777C2 /* GSPasswordInputView.h */ = {isa = PBXFileReference; fileEncoding = 4; lastKnownFileType = sourcecode.c.h; path = GSPasswordInputView.h; sourceTree = "<group>"; };
		DDD2DEB01BF1DB6E008777C2 /* GSPasswordInputView.m */ = {isa = PBXFileReference; fileEncoding = 4; lastKnownFileType = sourcecode.c.objc; path = GSPasswordInputView.m; sourceTree = "<group>"; };
/* End PBXFileReference section */

/* Begin PBXFrameworksBuildPhase section */
		DDD2DE541BF1C2F3008777C2 /* Frameworks */ = {
			isa = PBXFrameworksBuildPhase;
			buildActionMask = 2147483647;
			files = (
			);
			runOnlyForDeploymentPostprocessing = 0;
		};
		DDD2DE6D1BF1C2F3008777C2 /* Frameworks */ = {
			isa = PBXFrameworksBuildPhase;
			buildActionMask = 2147483647;
			files = (
			);
			runOnlyForDeploymentPostprocessing = 0;
		};
		DDD2DE781BF1C2F3008777C2 /* Frameworks */ = {
			isa = PBXFrameworksBuildPhase;
			buildActionMask = 2147483647;
			files = (
			);
			runOnlyForDeploymentPostprocessing = 0;
		};
/* End PBXFrameworksBuildPhase section */

/* Begin PBXGroup section */
		DDD2DE4E1BF1C2F3008777C2 = {
			isa = PBXGroup;
			children = (
				DDD2DE591BF1C2F3008777C2 /* StoryBpard */,
				DDD2DE731BF1C2F3008777C2 /* StoryBpardTests */,
				DDD2DE7E1BF1C2F3008777C2 /* StoryBpardUITests */,
				DDD2DE581BF1C2F3008777C2 /* Products */,
			);
			sourceTree = "<group>";
		};
		DDD2DE581BF1C2F3008777C2 /* Products */ = {
			isa = PBXGroup;
			children = (
				DDD2DE571BF1C2F3008777C2 /* StoryBpard.app */,
				DDD2DE701BF1C2F3008777C2 /* StoryBpardTests.xctest */,
				DDD2DE7B1BF1C2F3008777C2 /* StoryBpardUITests.xctest */,
			);
			name = Products;
			sourceTree = "<group>";
		};
		DDD2DE591BF1C2F3008777C2 /* StoryBpard */ = {
			isa = PBXGroup;
			children = (
				DDD2DEAC1BF1DB53008777C2 /* 支付宝密码框 */,
				DDD2DEA81BF1D63E008777C2 /* Label */,
				DDD2DEA41BF1D231008777C2 /* UIColor */,
				DDD2DEA01BF1C963008777C2 /* 验证 */,
				DDD2DE911BF1C582008777C2 /* Button */,
				DDD2DE8D1BF1C328008777C2 /* TextFiend */,
				DDD2DE5D1BF1C2F3008777C2 /* AppDelegate.h */,
				DDD2DE5E1BF1C2F3008777C2 /* AppDelegate.m */,
				DDD2DE601BF1C2F3008777C2 /* ViewController.h */,
				DDD2DE611BF1C2F3008777C2 /* ViewController.m */,
				DDD2DE631BF1C2F3008777C2 /* Main.storyboard */,
				DDD2DE661BF1C2F3008777C2 /* Assets.xcassets */,
				DDD2DE681BF1C2F3008777C2 /* LaunchScreen.storyboard */,
				DDD2DE6B1BF1C2F3008777C2 /* Info.plist */,
				DDD2DE5A1BF1C2F3008777C2 /* Supporting Files */,
			);
			path = StoryBpard;
			sourceTree = "<group>";
		};
		DDD2DE5A1BF1C2F3008777C2 /* Supporting Files */ = {
			isa = PBXGroup;
			children = (
				DDD2DE5B1BF1C2F3008777C2 /* main.m */,
			);
			name = "Supporting Files";
			sourceTree = "<group>";
		};
		DDD2DE731BF1C2F3008777C2 /* StoryBpardTests */ = {
			isa = PBXGroup;
			children = (
				DDD2DE741BF1C2F3008777C2 /* StoryBpardTests.m */,
				DDD2DE761BF1C2F3008777C2 /* Info.plist */,
			);
			path = StoryBpardTests;
			sourceTree = "<group>";
		};
		DDD2DE7E1BF1C2F3008777C2 /* StoryBpardUITests */ = {
			isa = PBXGroup;
			children = (
				DDD2DE7F1BF1C2F3008777C2 /* StoryBpardUITests.m */,
				DDD2DE811BF1C2F3008777C2 /* Info.plist */,
			);
			path = StoryBpardUITests;
			sourceTree = "<group>";
		};
		DDD2DE8D1BF1C328008777C2 /* TextFiend */ = {
			isa = PBXGroup;
			children = (
				DDD2DE8E1BF1C330008777C2 /* GSCusteomTextField.h */,
				DDD2DE8F1BF1C330008777C2 /* GSCusteomTextField.m */,
			);
			name = TextFiend;
			sourceTree = "<group>";
		};
		DDD2DE911BF1C582008777C2 /* Button */ = {
			isa = PBXGroup;
			children = (
				DDD2DE921BF1C598008777C2 /* GSCustomButton.h */,
				DDD2DE931BF1C598008777C2 /* GSCustomButton.m */,
			);
			name = Button;
			sourceTree = "<group>";
		};
		DDD2DEA01BF1C963008777C2 /* 验证 */ = {
			isa = PBXGroup;
			children = (
				DDD2DEA11BF1C96B008777C2 /* GSCountDownButton.h */,
				DDD2DEA21BF1C96B008777C2 /* GSCountDownButton.m */,
			);
			name = "验证";
			sourceTree = "<group>";
		};
		DDD2DEA41BF1D231008777C2 /* UIColor */ = {
			isa = PBXGroup;
			children = (
				DDD2DEA51BF1D23F008777C2 /* UIColor+UIColor_Hex.h */,
				DDD2DEA61BF1D23F008777C2 /* UIColor+UIColor_Hex.m */,
			);
			name = UIColor;
			sourceTree = "<group>";
		};
		DDD2DEA81BF1D63E008777C2 /* Label */ = {
			isa = PBXGroup;
			children = (
				DDD2DEA91BF1D648008777C2 /* YDCustomBorderLabel.h */,
				DDD2DEAA1BF1D648008777C2 /* YDCustomBorderLabel.m */,
			);
			name = Label;
			sourceTree = "<group>";
		};
		DDD2DEAC1BF1DB53008777C2 /* 支付宝密码框 */ = {
			isa = PBXGroup;
			children = (
				DDD2DEAD1BF1DB6E008777C2 /* GSNoSelectionTextField.h */,
				DDD2DEAE1BF1DB6E008777C2 /* GSNoSelectionTextField.m */,
				DDD2DEAF1BF1DB6E008777C2 /* GSPasswordInputView.h */,
				DDD2DEB01BF1DB6E008777C2 /* GSPasswordInputView.m */,
			);
			name = "支付宝密码框";
			sourceTree = "<group>";
		};
/* End PBXGroup section */

/* Begin PBXNativeTarget section */
		DDD2DE561BF1C2F3008777C2 /* StoryBpard */ = {
			isa = PBXNativeTarget;
			buildConfigurationList = DDD2DE841BF1C2F3008777C2 /* Build configuration list for PBXNativeTarget "StoryBpard" */;
			buildPhases = (
				DDD2DE531BF1C2F3008777C2 /* Sources */,
				DDD2DE541BF1C2F3008777C2 /* Frameworks */,
				DDD2DE551BF1C2F3008777C2 /* Resources */,
			);
			buildRules = (
			);
			dependencies = (
			);
			name = StoryBpard;
			productName = StoryBpard;
			productReference = DDD2DE571BF1C2F3008777C2 /* StoryBpard.app */;
			productType = "com.apple.product-type.application";
		};
		DDD2DE6F1BF1C2F3008777C2 /* StoryBpardTests */ = {
			isa = PBXNativeTarget;
			buildConfigurationList = DDD2DE871BF1C2F3008777C2 /* Build configuration list for PBXNativeTarget "StoryBpardTests" */;
			buildPhases = (
				DDD2DE6C1BF1C2F3008777C2 /* Sources */,
				DDD2DE6D1BF1C2F3008777C2 /* Frameworks */,
				DDD2DE6E1BF1C2F3008777C2 /* Resources */,
			);
			buildRules = (
			);
			dependencies = (
				DDD2DE721BF1C2F3008777C2 /* PBXTargetDependency */,
			);
			name = StoryBpardTests;
			productName = StoryBpardTests;
			productReference = DDD2DE701BF1C2F3008777C2 /* StoryBpardTests.xctest */;
			productType = "com.apple.product-type.bundle.unit-test";
		};
		DDD2DE7A1BF1C2F3008777C2 /* StoryBpardUITests */ = {
			isa = PBXNativeTarget;
			buildConfigurationList = DDD2DE8A1BF1C2F3008777C2 /* Build configuration list for PBXNativeTarget "StoryBpardUITests" */;
			buildPhases = (
				DDD2DE771BF1C2F3008777C2 /* Sources */,
				DDD2DE781BF1C2F3008777C2 /* Frameworks */,
				DDD2DE791BF1C2F3008777C2 /* Resources */,
			);
			buildRules = (
			);
			dependencies = (
				DDD2DE7D1BF1C2F3008777C2 /* PBXTargetDependency */,
			);
			name = StoryBpardUITests;
			productName = StoryBpardUITests;
			productReference = DDD2DE7B1BF1C2F3008777C2 /* StoryBpardUITests.xctest */;
			productType = "com.apple.product-type.bundle.ui-testing";
		};
/* End PBXNativeTarget section */

/* Begin PBXProject section */
		DDD2DE4F1BF1C2F3008777C2 /* Project object */ = {
			isa = PBXProject;
			attributes = {
				LastUpgradeCheck = 0700;
				ORGANIZATIONNAME = r_zhou;
				TargetAttributes = {
					DDD2DE561BF1C2F3008777C2 = {
						CreatedOnToolsVersion = 7.0.1;
					};
					DDD2DE6F1BF1C2F3008777C2 = {
						CreatedOnToolsVersion = 7.0.1;
						TestTargetID = DDD2DE561BF1C2F3008777C2;
					};
					DDD2DE7A1BF1C2F3008777C2 = {
						CreatedOnToolsVersion = 7.0.1;
						TestTargetID = DDD2DE561BF1C2F3008777C2;
					};
				};
			};
			buildConfigurationList = DDD2DE521BF1C2F3008777C2 /* Build configuration list for PBXProject "StoryBpard" */;
			compatibilityVersion = "Xcode 3.2";
			developmentRegion = English;
			hasScannedForEncodings = 0;
			knownRegions = (
				en,
				Base,
			);
			mainGroup = DDD2DE4E1BF1C2F3008777C2;
			productRefGroup = DDD2DE581BF1C2F3008777C2 /* Products */;
			projectDirPath = "";
			projectRoot = "";
			targets = (
				DDD2DE561BF1C2F3008777C2 /* StoryBpard */,
				DDD2DE6F1BF1C2F3008777C2 /* StoryBpardTests */,
				DDD2DE7A1BF1C2F3008777C2 /* StoryBpardUITests */,
			);
		};
/* End PBXProject section */

/* Begin PBXResourcesBuildPhase section */
		DDD2DE551BF1C2F3008777C2 /* Resources */ = {
			isa = PBXResourcesBuildPhase;
			buildActionMask = 2147483647;
			files = (
				DDD2DE6A1BF1C2F3008777C2 /* LaunchScreen.storyboard in Resources */,
				DDD2DE671BF1C2F3008777C2 /* Assets.xcassets in Resources */,
				DDD2DE651BF1C2F3008777C2 /* Main.storyboard in Resources */,
			);
			runOnlyForDeploymentPostprocessing = 0;
		};
		DDD2DE6E1BF1C2F3008777C2 /* Resources */ = {
			isa = PBXResourcesBuildPhase;
			buildActionMask = 2147483647;
			files = (
			);
			runOnlyForDeploymentPostprocessing = 0;
		};
		DDD2DE791BF1C2F3008777C2 /* Resources */ = {
			isa = PBXResourcesBuildPhase;
			buildActionMask = 2147483647;
			files = (
			);
			runOnlyForDeploymentPostprocessing = 0;
		};
/* End PBXResourcesBuildPhase section */

/* Begin PBXSourcesBuildPhase section */
		DDD2DE531BF1C2F3008777C2 /* Sources */ = {
			isa = PBXSourcesBuildPhase;
			buildActionMask = 2147483647;
			files = (
				DDD2DE621BF1C2F3008777C2 /* ViewController.m in Sources */,
				DDD2DE5F1BF1C2F3008777C2 /* AppDelegate.m in Sources */,
				DDD2DE901BF1C330008777C2 /* GSCusteomTextField.m in Sources */,
				DDD2DEA31BF1C96B008777C2 /* GSCountDownButton.m in Sources */,
				DDD2DEA71BF1D23F008777C2 /* UIColor+UIColor_Hex.m in Sources */,
				DDD2DE941BF1C598008777C2 /* GSCustomButton.m in Sources */,
				DDD2DEAB1BF1D648008777C2 /* YDCustomBorderLabel.m in Sources */,
				DDD2DE5C1BF1C2F3008777C2 /* main.m in Sources */,
				DDD2DEB21BF1DB6E008777C2 /* GSPasswordInputView.m in Sources */,
				DDD2DEB11BF1DB6E008777C2 /* GSNoSelectionTextField.m in Sources */,
			);
			runOnlyForDeploymentPostprocessing = 0;
		};
		DDD2DE6C1BF1C2F3008777C2 /* Sources */ = {
			isa = PBXSourcesBuildPhase;
			buildActionMask = 2147483647;
			files = (
				DDD2DE751BF1C2F3008777C2 /* StoryBpardTests.m in Sources */,
			);
			runOnlyForDeploymentPostprocessing = 0;
		};
		DDD2DE771BF1C2F3008777C2 /* Sources */ = {
			isa = PBXSourcesBuildPhase;
			buildActionMask = 2147483647;
			files = (
				DDD2DE801BF1C2F3008777C2 /* StoryBpardUITests.m in Sources */,
			);
			runOnlyForDeploymentPostprocessing = 0;
		};
/* End PBXSourcesBuildPhase section */

/* Begin PBXTargetDependency section */
		DDD2DE721BF1C2F3008777C2 /* PBXTargetDependency */ = {
			isa = PBXTargetDependency;
			target = DDD2DE561BF1C2F3008777C2 /* StoryBpard */;
			targetProxy = DDD2DE711BF1C2F3008777C2 /* PBXContainerItemProxy */;
		};
		DDD2DE7D1BF1C2F3008777C2 /* PBXTargetDependency */ = {
			isa = PBXTargetDependency;
			target = DDD2DE561BF1C2F3008777C2 /* StoryBpard */;
			targetProxy = DDD2DE7C1BF1C2F3008777C2 /* PBXContainerItemProxy */;
		};
/* End PBXTargetDependency section */

/* Begin PBXVariantGroup section */
		DDD2DE631BF1C2F3008777C2 /* Main.storyboard */ = {
			isa = PBXVariantGroup;
			children = (
				DDD2DE641BF1C2F3008777C2 /* Base */,
			);
			name = Main.storyboard;
			sourceTree = "<group>";
		};
		DDD2DE681BF1C2F3008777C2 /* LaunchScreen.storyboard */ = {
			isa = PBXVariantGroup;
			children = (
				DDD2DE691BF1C2F3008777C2 /* Base */,
			);
			name = LaunchScreen.storyboard;
			sourceTree = "<group>";
		};
/* End PBXVariantGroup section */

/* Begin XCBuildConfiguration section */
		DDD2DE821BF1C2F3008777C2 /* Debug */ = {
			isa = XCBuildConfiguration;
			buildSettings = {
				ALWAYS_SEARCH_USER_PATHS = NO;
				CLANG_CXX_LANGUAGE_STANDARD = "gnu++0x";
				CLANG_CXX_LIBRARY = "libc++";
				CLANG_ENABLE_MODULES = YES;
				CLANG_ENABLE_OBJC_ARC = YES;
				CLANG_WARN_BOOL_CONVERSION = YES;
				CLANG_WARN_CONSTANT_CONVERSION = YES;
				CLANG_WARN_DIRECT_OBJC_ISA_USAGE = YES_ERROR;
				CLANG_WARN_EMPTY_BODY = YES;
				CLANG_WARN_ENUM_CONVERSION = YES;
				CLANG_WARN_INT_CONVERSION = YES;
				CLANG_WARN_OBJC_ROOT_CLASS = YES_ERROR;
				CLANG_WARN_UNREACHABLE_CODE = YES;
				CLANG_WARN__DUPLICATE_METHOD_MATCH = YES;
				"CODE_SIGN_IDENTITY[sdk=iphoneos*]" = "iPhone Developer";
				COPY_PHASE_STRIP = NO;
				DEBUG_INFORMATION_FORMAT = dwarf;
				ENABLE_STRICT_OBJC_MSGSEND = YES;
				ENABLE_TESTABILITY = YES;
				GCC_C_LANGUAGE_STANDARD = gnu99;
				GCC_DYNAMIC_NO_PIC = NO;
				GCC_NO_COMMON_BLOCKS = YES;
				GCC_OPTIMIZATION_LEVEL = 0;
				GCC_PREPROCESSOR_DEFINITIONS = (
					"DEBUG=1",
					"$(inherited)",
				);
				GCC_WARN_64_TO_32_BIT_CONVERSION = YES;
				GCC_WARN_ABOUT_RETURN_TYPE = YES_ERROR;
				GCC_WARN_UNDECLARED_SELECTOR = YES;
				GCC_WARN_UNINITIALIZED_AUTOS = YES_AGGRESSIVE;
				GCC_WARN_UNUSED_FUNCTION = YES;
				GCC_WARN_UNUSED_VARIABLE = YES;
				IPHONEOS_DEPLOYMENT_TARGET = 9.0;
				MTL_ENABLE_DEBUG_INFO = YES;
				ONLY_ACTIVE_ARCH = YES;
				SDKROOT = iphoneos;
			};
			name = Debug;
		};
		DDD2DE831BF1C2F3008777C2 /* Release */ = {
			isa = XCBuildConfiguration;
			buildSettings = {
				ALWAYS_SEARCH_USER_PATHS = NO;
				CLANG_CXX_LANGUAGE_STANDARD = "gnu++0x";
				CLANG_CXX_LIBRARY = "libc++";
				CLANG_ENABLE_MODULES = YES;
				CLANG_ENABLE_OBJC_ARC = YES;
				CLANG_WARN_BOOL_CONVERSION = YES;
				CLANG_WARN_CONSTANT_CONVERSION = YES;
				CLANG_WARN_DIRECT_OBJC_ISA_USAGE = YES_ERROR;
				CLANG_WARN_EMPTY_BODY = YES;
				CLANG_WARN_ENUM_CONVERSION = YES;
				CLANG_WARN_INT_CONVERSION = YES;
				CLANG_WARN_OBJC_ROOT_CLASS = YES_ERROR;
				CLANG_WARN_UNREACHABLE_CODE = YES;
				CLANG_WARN__DUPLICATE_METHOD_MATCH = YES;
				"CODE_SIGN_IDENTITY[sdk=iphoneos*]" = "iPhone Developer";
				COPY_PHASE_STRIP = NO;
				DEBUG_INFORMATION_FORMAT = "dwarf-with-dsym";
				ENABLE_NS_ASSERTIONS = NO;
				ENABLE_STRICT_OBJC_MSGSEND = YES;
				GCC_C_LANGUAGE_STANDARD = gnu99;
				GCC_NO_COMMON_BLOCKS = YES;
				GCC_WARN_64_TO_32_BIT_CONVERSION = YES;
				GCC_WARN_ABOUT_RETURN_TYPE = YES_ERROR;
				GCC_WARN_UNDECLARED_SELECTOR = YES;
				GCC_WARN_UNINITIALIZED_AUTOS = YES_AGGRESSIVE;
				GCC_WARN_UNUSED_FUNCTION = YES;
				GCC_WARN_UNUSED_VARIABLE = YES;
				IPHONEOS_DEPLOYMENT_TARGET = 9.0;
				MTL_ENABLE_DEBUG_INFO = NO;
				SDKROOT = iphoneos;
				VALIDATE_PRODUCT = YES;
			};
			name = Release;
		};
		DDD2DE851BF1C2F3008777C2 /* Debug */ = {
			isa = XCBuildConfiguration;
			buildSettings = {
				ASSETCATALOG_COMPILER_APPICON_NAME = AppIcon;
				INFOPLIST_FILE = StoryBpard/Info.plist;
				LD_RUNPATH_SEARCH_PATHS = "$(inherited) @executable_path/Frameworks";
				PRODUCT_BUNDLE_IDENTIFIER = com.Umeng.StoryBpard;
				PRODUCT_NAME = "$(TARGET_NAME)";
			};
			name = Debug;
		};
		DDD2DE861BF1C2F3008777C2 /* Release */ = {
			isa = XCBuildConfiguration;
			buildSettings = {
				ASSETCATALOG_COMPILER_APPICON_NAME = AppIcon;
				INFOPLIST_FILE = StoryBpard/Info.plist;
				LD_RUNPATH_SEARCH_PATHS = "$(inherited) @executable_path/Frameworks";
				PRODUCT_BUNDLE_IDENTIFIER = com.Umeng.StoryBpard;
				PRODUCT_NAME = "$(TARGET_NAME)";
			};
			name = Release;
		};
		DDD2DE881BF1C2F3008777C2 /* Debug */ = {
			isa = XCBuildConfiguration;
			buildSettings = {
				BUNDLE_LOADER = "$(TEST_HOST)";
				INFOPLIST_FILE = StoryBpardTests/Info.plist;
				LD_RUNPATH_SEARCH_PATHS = "$(inherited) @executable_path/Frameworks @loader_path/Frameworks";
				PRODUCT_BUNDLE_IDENTIFIER = com.Umeng.StoryBpardTests;
				PRODUCT_NAME = "$(TARGET_NAME)";
				TEST_HOST = "$(BUILT_PRODUCTS_DIR)/StoryBpard.app/StoryBpard";
			};
			name = Debug;
		};
		DDD2DE891BF1C2F3008777C2 /* Release */ = {
			isa = XCBuildConfiguration;
			buildSettings = {
				BUNDLE_LOADER = "$(TEST_HOST)";
				INFOPLIST_FILE = StoryBpardTests/Info.plist;
				LD_RUNPATH_SEARCH_PATHS = "$(inherited) @executable_path/Frameworks @loader_path/Frameworks";
				PRODUCT_BUNDLE_IDENTIFIER = com.Umeng.StoryBpardTests;
				PRODUCT_NAME = "$(TARGET_NAME)";
				TEST_HOST = "$(BUILT_PRODUCTS_DIR)/StoryBpard.app/StoryBpard";
			};
			name = Release;
		};
		DDD2DE8B1BF1C2F3008777C2 /* Debug */ = {
			isa = XCBuildConfiguration;
			buildSettings = {
				INFOPLIST_FILE = StoryBpardUITests/Info.plist;
				LD_RUNPATH_SEARCH_PATHS = "$(inherited) @executable_path/Frameworks @loader_path/Frameworks";
				PRODUCT_BUNDLE_IDENTIFIER = com.Umeng.StoryBpardUITests;
				PRODUCT_NAME = "$(TARGET_NAME)";
				TEST_TARGET_NAME = StoryBpard;
				USES_XCTRUNNER = YES;
			};
			name = Debug;
		};
		DDD2DE8C1BF1C2F3008777C2 /* Release */ = {
			isa = XCBuildConfiguration;
			buildSettings = {
				INFOPLIST_FILE = StoryBpardUITests/Info.plist;
				LD_RUNPATH_SEARCH_PATHS = "$(inherited) @executable_path/Frameworks @loader_path/Frameworks";
				PRODUCT_BUNDLE_IDENTIFIER = com.Umeng.StoryBpardUITests;
				PRODUCT_NAME = "$(TARGET_NAME)";
				TEST_TARGET_NAME = StoryBpard;
				USES_XCTRUNNER = YES;
			};
			name = Release;
		};
/* End XCBuildConfiguration section */

/* Begin XCConfigurationList section */
		DDD2DE521BF1C2F3008777C2 /* Build configuration list for PBXProject "StoryBpard" */ = {
			isa = XCConfigurationList;
			buildConfigurations = (
				DDD2DE821BF1C2F3008777C2 /* Debug */,
				DDD2DE831BF1C2F3008777C2 /* Release */,
			);
			defaultConfigurationIsVisible = 0;
			defaultConfigurationName = Release;
		};
		DDD2DE841BF1C2F3008777C2 /* Build configuration list for PBXNativeTarget "StoryBpard" */ = {
			isa = XCConfigurationList;
			buildConfigurations = (
				DDD2DE851BF1C2F3008777C2 /* Debug */,
				DDD2DE861BF1C2F3008777C2 /* Release */,
			);
			defaultConfigurationIsVisible = 0;
			defaultConfigurationName = Release;
		};
		DDD2DE871BF1C2F3008777C2 /* Build configuration list for PBXNativeTarget "StoryBpardTests" */ = {
			isa = XCConfigurationList;
			buildConfigurations = (
				DDD2DE881BF1C2F3008777C2 /* Debug */,
				DDD2DE891BF1C2F3008777C2 /* Release */,
			);
			defaultConfigurationIsVisible = 0;
			defaultConfigurationName = Release;
		};
		DDD2DE8A1BF1C2F3008777C2 /* Build configuration list for PBXNativeTarget "StoryBpardUITests" */ = {
			isa = XCConfigurationList;
			buildConfigurations = (
				DDD2DE8B1BF1C2F3008777C2 /* Debug */,
				DDD2DE8C1BF1C2F3008777C2 /* Release */,
			);
			defaultConfigurationIsVisible = 0;
			defaultConfigurationName = Release;
		};
/* End XCConfigurationList section */
	};
	rootObject = DDD2DE4F1BF1C2F3008777C2 /* Project object */;
}
